
Microsoft Visual Studio Solution File, Format Version 12.00
# Visual Studio Version 17
VisualStudioVersion = 17.10.35004.147
MinimumVisualStudioVersion = 10.0.40219.1
Project("{FAE04EC0-301F-11D3-BF4B-00C04F79EFBC}") = "Game Killer", "Game Killer\Game Killer.csproj", "{EA83B7F2-4178-403C-B780-F754F0EE8896}"
EndProject
Global
	GlobalSection(SolutionConfigurationPlatforms) = preSolution
		Debug|Any CPU = Debug|Any CPU
		Release|Any CPU = Release|Any CPU
	EndGlobalSection
	GlobalSection(ProjectConfigurationPlatforms) = postSolution
		{EA83B7F2-4178-403C-B780-F754F0EE8896}.Debug|Any CPU.ActiveCfg = Debug|Any CPU
		{EA83B7F2-4178-403C-B780-F754F0EE8896}.Debug|Any CPU.Build.0 = Debug|Any CPU
		{EA83B7F2-4178-403C-B780-F754F0EE8896}.Release|Any CPU.ActiveCfg = Release|Any CPU
		{EA83B7F2-4178-403C-B780-F754F0EE8896}.Release|Any CPU.Build.0 = Release|Any CPU
	EndGlobalSection
	GlobalSection(SolutionProperties) = preSolution
		HideSolutionNode = FALSE
	EndGlobalSection
	GlobalSection(ExtensibilityGlobals) = postSolution
		SolutionGuid = {50FF17DA-8520-435D-B9A6-1B5F23D61150}
	EndGlobalSection
EndGlobal
